
Microsoft Visual Studio Solution File, Format Version 12.00
# Visual Studio Version 17
VisualStudioVersion = 17.8.34330.188
MinimumVisualStudioVersion = 10.0.40219.1
Project("{FAE04EC0-301F-11D3-BF4B-00C04F79EFBC}") = "testConsoleHilton2", "testConsoleHilton2.csproj", "{45D33387-4EB8-4AC7-B02A-362F85A66987}"
EndProject
Global
	GlobalSection(SolutionConfigurationPlatforms) = preSolution
		Debug|Any CPU = Debug|Any CPU
		Release|Any CPU = Release|Any CPU
	EndGlobalSection
	GlobalSection(ProjectConfigurationPlatforms) = postSolution
		{45D33387-4EB8-4AC7-B02A-362F85A66987}.Debug|Any CPU.ActiveCfg = Debug|Any CPU
		{45D33387-4EB8-4AC7-B02A-362F85A66987}.Debug|Any CPU.Build.0 = Debug|Any CPU
		{45D33387-4EB8-4AC7-B02A-362F85A66987}.Release|Any CPU.ActiveCfg = Release|Any CPU
		{45D33387-4EB8-4AC7-B02A-362F85A66987}.Release|Any CPU.Build.0 = Release|Any CPU
	EndGlobalSection
	GlobalSection(SolutionProperties) = preSolution
		HideSolutionNode = FALSE
	EndGlobalSection
	GlobalSection(ExtensibilityGlobals) = postSolution
		SolutionGuid = {E862C809-1E82-4492-935D-256B4BEC5274}
	EndGlobalSection
EndGlobal
